{
  "requires": true,
  "lockfileVersion": 1,
  "dependencies": {
    "ngx-bootstrap": {
      "version": "2.0.5",
      "resolved": "https://registry.npmjs.org/ngx-bootstrap/-/ngx-bootstrap-2.0.5.tgz",
      "integrity": "sha512-IduTVb78RDVlrz2+bn6GXK/REfM/RsRnz/AENwmrgTOg1AtvahJ9qANxXRNn33Kv9GJmkOYy/MhD3DyzeMb16w=="
    }
  }
}
